// !$*UTF8*$!
{
	archiveVersion = 1;
	classes = {
	};
	objectVersion = 55;
	objects = {

/* Begin PBXBuildFile section */
		89C847EA2716384200631775 /* AppDelegate.swift in Sources */ = {isa = PBXBuildFile; fileRef = 89C847E92716384200631775 /* AppDelegate.swift */; };
		89C847EC2716384200631775 /* SceneDelegate.swift in Sources */ = {isa = PBXBuildFile; fileRef = 89C847EB2716384200631775 /* SceneDelegate.swift */; };
		89C847EE2716384200631775 /* ViewController.swift in Sources */ = {isa = PBXBuildFile; fileRef = 89C847ED2716384200631775 /* ViewController.swift */; };
		89C847F12716384200631775 /* Main.storyboard in Resources */ = {isa = PBXBuildFile; fileRef = 89C847EF2716384200631775 /* Main.storyboard */; };
		89C847F42716384200631775 /* Mobile2You.xcdatamodeld in Sources */ = {isa = PBXBuildFile; fileRef = 89C847F22716384200631775 /* Mobile2You.xcdatamodeld */; };
		89C847F62716384600631775 /* Assets.xcassets in Resources */ = {isa = PBXBuildFile; fileRef = 89C847F52716384600631775 /* Assets.xcassets */; };
		89C847F92716384600631775 /* LaunchScreen.storyboard in Resources */ = {isa = PBXBuildFile; fileRef = 89C847F72716384600631775 /* LaunchScreen.storyboard */; };
		89C848042716384600631775 /* Mobile2YouTests.swift in Sources */ = {isa = PBXBuildFile; fileRef = 89C848032716384600631775 /* Mobile2YouTests.swift */; };
		89C8480E2716384600631775 /* Mobile2YouUITests.swift in Sources */ = {isa = PBXBuildFile; fileRef = 89C8480D2716384600631775 /* Mobile2YouUITests.swift */; };
		89C848102716384600631775 /* Mobile2YouUITestsLaunchTests.swift in Sources */ = {isa = PBXBuildFile; fileRef = 89C8480F2716384600631775 /* Mobile2YouUITestsLaunchTests.swift */; };
/* End PBXBuildFile section */

/* Begin PBXContainerItemProxy section */
		89C848002716384600631775 /* PBXContainerItemProxy */ = {
			isa = PBXContainerItemProxy;
			containerPortal = 89C847DE2716384200631775 /* Project object */;
			proxyType = 1;
			remoteGlobalIDString = 89C847E52716384200631775;
			remoteInfo = Mobile2You;
		};
		89C8480A2716384600631775 /* PBXContainerItemProxy */ = {
			isa = PBXContainerItemProxy;
			containerPortal = 89C847DE2716384200631775 /* Project object */;
			proxyType = 1;
			remoteGlobalIDString = 89C847E52716384200631775;
			remoteInfo = Mobile2You;
		};
/* End PBXContainerItemProxy section */

/* Begin PBXFileReference section */
		89C847E62716384200631775 /* Mobile2You.app */ = {isa = PBXFileReference; explicitFileType = wrapper.application; includeInIndex = 0; path = Mobile2You.app; sourceTree = BUILT_PRODUCTS_DIR; };
		89C847E92716384200631775 /* AppDelegate.swift */ = {isa = PBXFileReference; lastKnownFileType = sourcecode.swift; path = AppDelegate.swift; sourceTree = "<group>"; };
		89C847EB2716384200631775 /* SceneDelegate.swift */ = {isa = PBXFileReference; lastKnownFileType = sourcecode.swift; path = SceneDelegate.swift; sourceTree = "<group>"; };
		89C847ED2716384200631775 /* ViewController.swift */ = {isa = PBXFileReference; lastKnownFileType = sourcecode.swift; path = ViewController.swift; sourceTree = "<group>"; };
		89C847F02716384200631775 /* Base */ = {isa = PBXFileReference; lastKnownFileType = file.storyboard; name = Base; path = Base.lproj/Main.storyboard; sourceTree = "<group>"; };
		89C847F32716384200631775 /* Mobile2You.xcdatamodel */ = {isa = PBXFileReference; lastKnownFileType = wrapper.xcdatamodel; path = Mobile2You.xcdatamodel; sourceTree = "<group>"; };
		89C847F52716384600631775 /* Assets.xcassets */ = {isa = PBXFileReference; lastKnownFileType = folder.assetcatalog; path = Assets.xcassets; sourceTree = "<group>"; };
		89C847F82716384600631775 /* Base */ = {isa = PBXFileReference; lastKnownFileType = file.storyboard; name = Base; path = Base.lproj/LaunchScreen.storyboard; sourceTree = "<group>"; };
		89C847FA2716384600631775 /* Info.plist */ = {isa = PBXFileReference; lastKnownFileType = text.plist.xml; path = Info.plist; sourceTree = "<group>"; };
		89C847FF2716384600631775 /* Mobile2YouTests.xctest */ = {isa = PBXFileReference; explicitFileType = wrapper.cfbundle; includeInIndex = 0; path = Mobile2YouTests.xctest; sourceTree = BUILT_PRODUCTS_DIR; };
		89C848032716384600631775 /* Mobile2YouTests.swift */ = {isa = PBXFileReference; lastKnownFileType = sourcecode.swift; path = Mobile2YouTests.swift; sourceTree = "<group>"; };
		89C848092716384600631775 /* Mobile2YouUITests.xctest */ = {isa = PBXFileReference; explicitFileType = wrapper.cfbundle; includeInIndex = 0; path = Mobile2YouUITests.xctest; sourceTree = BUILT_PRODUCTS_DIR; };
		89C8480D2716384600631775 /* Mobile2YouUITests.swift */ = {isa = PBXFileReference; lastKnownFileType = sourcecode.swift; path = Mobile2YouUITests.swift; sourceTree = "<group>"; };
		89C8480F2716384600631775 /* Mobile2YouUITestsLaunchTests.swift */ = {isa = PBXFileReference; lastKnownFileType = sourcecode.swift; path = Mobile2YouUITestsLaunchTests.swift; sourceTree = "<group>"; };
/* End PBXFileReference section */

/* Begin PBXFrameworksBuildPhase section */
		89C847E32716384200631775 /* Frameworks */ = {
			isa = PBXFrameworksBuildPhase;
			buildActionMask = 2147483647;
			files = (
			);
			runOnlyForDeploymentPostprocessing = 0;
		};
		89C847FC2716384600631775 /* Frameworks */ = {
			isa = PBXFrameworksBuildPhase;
			buildActionMask = 2147483647;
			files = (
			);
			runOnlyForDeploymentPostprocessing = 0;
		};
		89C848062716384600631775 /* Frameworks */ = {
			isa = PBXFrameworksBuildPhase;
			buildActionMask = 2147483647;
			files = (
			);
			runOnlyForDeploymentPostprocessing = 0;
		};
/* End PBXFrameworksBuildPhase section */

/* Begin PBXGroup section */
		89C847DD2716384200631775 = {
			isa = PBXGroup;
			children = (
				89C847E82716384200631775 /* Mobile2You */,
				89C848022716384600631775 /* Mobile2YouTests */,
				89C8480C2716384600631775 /* Mobile2YouUITests */,
				89C847E72716384200631775 /* Products */,
			);
			sourceTree = "<group>";
		};
		89C847E72716384200631775 /* Products */ = {
			isa = PBXGroup;
			children = (
				89C847E62716384200631775 /* Mobile2You.app */,
				89C847FF2716384600631775 /* Mobile2YouTests.xctest */,
				89C848092716384600631775 /* Mobile2YouUITests.xctest */,
			);
			name = Products;
			sourceTree = "<group>";
		};
		89C847E82716384200631775 /* Mobile2You */ = {
			isa = PBXGroup;
			children = (
				89C847E92716384200631775 /* AppDelegate.swift */,
				89C847EB2716384200631775 /* SceneDelegate.swift */,
				89C847ED2716384200631775 /* ViewController.swift */,
				89C847EF2716384200631775 /* Main.storyboard */,
				89C847F52716384600631775 /* Assets.xcassets */,
				89C847F72716384600631775 /* LaunchScreen.storyboard */,
				89C847FA2716384600631775 /* Info.plist */,
				89C847F22716384200631775 /* Mobile2You.xcdatamodeld */,
			);
			path = Mobile2You;
			sourceTree = "<group>";
		};
		89C848022716384600631775 /* Mobile2YouTests */ = {
			isa = PBXGroup;
			children = (
				89C848032716384600631775 /* Mobile2YouTests.swift */,
			);
			path = Mobile2YouTests;
			sourceTree = "<group>";
		};
		89C8480C2716384600631775 /* Mobile2YouUITests */ = {
			isa = PBXGroup;
			children = (
				89C8480D2716384600631775 /* Mobile2YouUITests.swift */,
				89C8480F2716384600631775 /* Mobile2YouUITestsLaunchTests.swift */,
			);
			path = Mobile2YouUITests;
			sourceTree = "<group>";
		};
/* End PBXGroup section */

/* Begin PBXNativeTarget section */
		89C847E52716384200631775 /* Mobile2You */ = {
			isa = PBXNativeTarget;
			buildConfigurationList = 89C848132716384600631775 /* Build configuration list for PBXNativeTarget "Mobile2You" */;
			buildPhases = (
				89C847E22716384200631775 /* Sources */,
				89C847E32716384200631775 /* Frameworks */,
				89C847E42716384200631775 /* Resources */,
			);
			buildRules = (
			);
			dependencies = (
			);
			name = Mobile2You;
			productName = Mobile2You;
			productReference = 89C847E62716384200631775 /* Mobile2You.app */;
			productType = "com.apple.product-type.application";
		};
		89C847FE2716384600631775 /* Mobile2YouTests */ = {
			isa = PBXNativeTarget;
			buildConfigurationList = 89C848162716384600631775 /* Build configuration list for PBXNativeTarget "Mobile2YouTests" */;
			buildPhases = (
				89C847FB2716384600631775 /* Sources */,
				89C847FC2716384600631775 /* Frameworks */,
				89C847FD2716384600631775 /* Resources */,
			);
			buildRules = (
			);
			dependencies = (
				89C848012716384600631775 /* PBXTargetDependency */,
			);
			name = Mobile2YouTests;
			productName = Mobile2YouTests;
			productReference = 89C847FF2716384600631775 /* Mobile2YouTests.xctest */;
			productType = "com.apple.product-type.bundle.unit-test";
		};
		89C848082716384600631775 /* Mobile2YouUITests */ = {
			isa = PBXNativeTarget;
			buildConfigurationList = 89C848192716384600631775 /* Build configuration list for PBXNativeTarget "Mobile2YouUITests" */;
			buildPhases = (
				89C848052716384600631775 /* Sources */,
				89C848062716384600631775 /* Frameworks */,
				89C848072716384600631775 /* Resources */,
			);
			buildRules = (
			);
			dependencies = (
				89C8480B2716384600631775 /* PBXTargetDependency */,
			);
			name = Mobile2YouUITests;
			productName = Mobile2YouUITests;
			productReference = 89C848092716384600631775 /* Mobile2YouUITests.xctest */;
			productType = "com.apple.product-type.bundle.ui-testing";
		};
/* End PBXNativeTarget section */

/* Begin PBXProject section */
		89C847DE2716384200631775 /* Project object */ = {
			isa = PBXProject;
			attributes = {
				BuildIndependentTargetsInParallel = 1;
				LastSwiftUpdateCheck = 1300;
				LastUpgradeCheck = 1300;
				TargetAttributes = {
					89C847E52716384200631775 = {
						CreatedOnToolsVersion = 13.0;
					};
					89C847FE2716384600631775 = {
						CreatedOnToolsVersion = 13.0;
						TestTargetID = 89C847E52716384200631775;
					};
					89C848082716384600631775 = {
						CreatedOnToolsVersion = 13.0;
						TestTargetID = 89C847E52716384200631775;
					};
				};
			};
			buildConfigurationList = 89C847E12716384200631775 /* Build configuration list for PBXProject "Mobile2You" */;
			compatibilityVersion = "Xcode 13.0";
			developmentRegion = en;
			hasScannedForEncodings = 0;
			knownRegions = (
				en,
				Base,
			);
			mainGroup = 89C847DD2716384200631775;
			productRefGroup = 89C847E72716384200631775 /* Products */;
			projectDirPath = "";
			projectRoot = "";
			targets = (
				89C847E52716384200631775 /* Mobile2You */,
				89C847FE2716384600631775 /* Mobile2YouTests */,
				89C848082716384600631775 /* Mobile2YouUITests */,
			);
		};
/* End PBXProject section */

/* Begin PBXResourcesBuildPhase section */
		89C847E42716384200631775 /* Resources */ = {
			isa = PBXResourcesBuildPhase;
			buildActionMask = 2147483647;
			files = (
				89C847F92716384600631775 /* LaunchScreen.storyboard in Resources */,
				89C847F62716384600631775 /* Assets.xcassets in Resources */,
				89C847F12716384200631775 /* Main.storyboard in Resources */,
			);
			runOnlyForDeploymentPostprocessing = 0;
		};
		89C847FD2716384600631775 /* Resources */ = {
			isa = PBXResourcesBuildPhase;
			buildActionMask = 2147483647;
			files = (
			);
			runOnlyForDeploymentPostprocessing = 0;
		};
		89C848072716384600631775 /* Resources */ = {
			isa = PBXResourcesBuildPhase;
			buildActionMask = 2147483647;
			files = (
			);
			runOnlyForDeploymentPostprocessing = 0;
		};
/* End PBXResourcesBuildPhase section */

/* Begin PBXSourcesBuildPhase section */
		89C847E22716384200631775 /* Sources */ = {
			isa = PBXSourcesBuildPhase;
			buildActionMask = 2147483647;
			files = (
				89C847EE2716384200631775 /* ViewController.swift in Sources */,
				89C847EA2716384200631775 /* AppDelegate.swift in Sources */,
				89C847F42716384200631775 /* Mobile2You.xcdatamodeld in Sources */,
				89C847EC2716384200631775 /* SceneDelegate.swift in Sources */,
			);
			runOnlyForDeploymentPostprocessing = 0;
		};
		89C847FB2716384600631775 /* Sources */ = {
			isa = PBXSourcesBuildPhase;
			buildActionMask = 2147483647;
			files = (
				89C848042716384600631775 /* Mobile2YouTests.swift in Sources */,
			);
			runOnlyForDeploymentPostprocessing = 0;
		};
		89C848052716384600631775 /* Sources */ = {
			isa = PBXSourcesBuildPhase;
			buildActionMask = 2147483647;
			files = (
				89C8480E2716384600631775 /* Mobile2YouUITests.swift in Sources */,
				89C848102716384600631775 /* Mobile2YouUITestsLaunchTests.swift in Sources */,
			);
			runOnlyForDeploymentPostprocessing = 0;
		};
/* End PBXSourcesBuildPhase section */

/* Begin PBXTargetDependency section */
		89C848012716384600631775 /* PBXTargetDependency */ = {
			isa = PBXTargetDependency;
			target = 89C847E52716384200631775 /* Mobile2You */;
			targetProxy = 89C848002716384600631775 /* PBXContainerItemProxy */;
		};
		89C8480B2716384600631775 /* PBXTargetDependency */ = {
			isa = PBXTargetDependency;
			target = 89C847E52716384200631775 /* Mobile2You */;
			targetProxy = 89C8480A2716384600631775 /* PBXContainerItemProxy */;
		};
/* End PBXTargetDependency section */

/* Begin PBXVariantGroup section */
		89C847EF2716384200631775 /* Main.storyboard */ = {
			isa = PBXVariantGroup;
			children = (
				89C847F02716384200631775 /* Base */,
			);
			name = Main.storyboard;
			sourceTree = "<group>";
		};
		89C847F72716384600631775 /* LaunchScreen.storyboard */ = {
			isa = PBXVariantGroup;
			children = (
				89C847F82716384600631775 /* Base */,
			);
			name = LaunchScreen.storyboard;
			sourceTree = "<group>";
		};
/* End PBXVariantGroup section */

/* Begin XCBuildConfiguration section */
		89C848112716384600631775 /* Debug */ = {
			isa = XCBuildConfiguration;
			buildSettings = {
				ALWAYS_SEARCH_USER_PATHS = NO;
				CLANG_ANALYZER_NONNULL = YES;
				CLANG_ANALYZER_NUMBER_OBJECT_CONVERSION = YES_AGGRESSIVE;
				CLANG_CXX_LANGUAGE_STANDARD = "gnu++17";
				CLANG_CXX_LIBRARY = "libc++";
				CLANG_ENABLE_MODULES = YES;
				CLANG_ENABLE_OBJC_ARC = YES;
				CLANG_ENABLE_OBJC_WEAK = YES;
				CLANG_WARN_BLOCK_CAPTURE_AUTORELEASING = YES;
				CLANG_WARN_BOOL_CONVERSION = YES;
				CLANG_WARN_COMMA = YES;
				CLANG_WARN_CONSTANT_CONVERSION = YES;
				CLANG_WARN_DEPRECATED_OBJC_IMPLEMENTATIONS = YES;
				CLANG_WARN_DIRECT_OBJC_ISA_USAGE = YES_ERROR;
				CLANG_WARN_DOCUMENTATION_COMMENTS = YES;
				CLANG_WARN_EMPTY_BODY = YES;
				CLANG_WARN_ENUM_CONVERSION = YES;
				CLANG_WARN_INFINITE_RECURSION = YES;
				CLANG_WARN_INT_CONVERSION = YES;
				CLANG_WARN_NON_LITERAL_NULL_CONVERSION = YES;
				CLANG_WARN_OBJC_IMPLICIT_RETAIN_SELF = YES;
				CLANG_WARN_OBJC_LITERAL_CONVERSION = YES;
				CLANG_WARN_OBJC_ROOT_CLASS = YES_ERROR;
				CLANG_WARN_QUOTED_INCLUDE_IN_FRAMEWORK_HEADER = YES;
				CLANG_WARN_RANGE_LOOP_ANALYSIS = YES;
				CLANG_WARN_STRICT_PROTOTYPES = YES;
				CLANG_WARN_SUSPICIOUS_MOVE = YES;
				CLANG_WARN_UNGUARDED_AVAILABILITY = YES_AGGRESSIVE;
				CLANG_WARN_UNREACHABLE_CODE = YES;
				CLANG_WARN__DUPLICATE_METHOD_MATCH = YES;
				COPY_PHASE_STRIP = NO;
				DEBUG_INFORMATION_FORMAT = dwarf;
				ENABLE_STRICT_OBJC_MSGSEND = YES;
				ENABLE_TESTABILITY = YES;
				GCC_C_LANGUAGE_STANDARD = gnu11;
				GCC_DYNAMIC_NO_PIC = NO;
				GCC_NO_COMMON_BLOCKS = YES;
				GCC_OPTIMIZATION_LEVEL = 0;
				GCC_PREPROCESSOR_DEFINITIONS = (
					"DEBUG=1",
					"$(inherited)",
				);
				GCC_WARN_64_TO_32_BIT_CONVERSION = YES;
				GCC_WARN_ABOUT_RETURN_TYPE = YES_ERROR;
				GCC_WARN_UNDECLARED_SELECTOR = YES;
				GCC_WARN_UNINITIALIZED_AUTOS = YES_AGGRESSIVE;
				GCC_WARN_UNUSED_FUNCTION = YES;
				GCC_WARN_UNUSED_VARIABLE = YES;
				IPHONEOS_DEPLOYMENT_TARGET = 15.0;
				MTL_ENABLE_DEBUG_INFO = INCLUDE_SOURCE;
				MTL_FAST_MATH = YES;
				ONLY_ACTIVE_ARCH = YES;
				SDKROOT = iphoneos;
				SWIFT_ACTIVE_COMPILATION_CONDITIONS = DEBUG;
				SWIFT_OPTIMIZATION_LEVEL = "-Onone";
			};
			name = Debug;
		};
		89C848122716384600631775 /* Release */ = {
			isa = XCBuildConfiguration;
			buildSettings = {
				ALWAYS_SEARCH_USER_PATHS = NO;
				CLANG_ANALYZER_NONNULL = YES;
				CLANG_ANALYZER_NUMBER_OBJECT_CONVERSION = YES_AGGRESSIVE;
				CLANG_CXX_LANGUAGE_STANDARD = "gnu++17";
				CLANG_CXX_LIBRARY = "libc++";
				CLANG_ENABLE_MODULES = YES;
				CLANG_ENABLE_OBJC_ARC = YES;
				CLANG_ENABLE_OBJC_WEAK = YES;
				CLANG_WARN_BLOCK_CAPTURE_AUTORELEASING = YES;
				CLANG_WARN_BOOL_CONVERSION = YES;
				CLANG_WARN_COMMA = YES;
				CLANG_WARN_CONSTANT_CONVERSION = YES;
				CLANG_WARN_DEPRECATED_OBJC_IMPLEMENTATIONS = YES;
				CLANG_WARN_DIRECT_OBJC_ISA_USAGE = YES_ERROR;
				CLANG_WARN_DOCUMENTATION_COMMENTS = YES;
				CLANG_WARN_EMPTY_BODY = YES;
				CLANG_WARN_ENUM_CONVERSION = YES;
				CLANG_WARN_INFINITE_RECURSION = YES;
				CLANG_WARN_INT_CONVERSION = YES;
				CLANG_WARN_NON_LITERAL_NULL_CONVERSION = YES;
				CLANG_WARN_OBJC_IMPLICIT_RETAIN_SELF = YES;
				CLANG_WARN_OBJC_LITERAL_CONVERSION = YES;
				CLANG_WARN_OBJC_ROOT_CLASS = YES_ERROR;
				CLANG_WARN_QUOTED_INCLUDE_IN_FRAMEWORK_HEADER = YES;
				CLANG_WARN_RANGE_LOOP_ANALYSIS = YES;
				CLANG_WARN_STRICT_PROTOTYPES = YES;
				CLANG_WARN_SUSPICIOUS_MOVE = YES;
				CLANG_WARN_UNGUARDED_AVAILABILITY = YES_AGGRESSIVE;
				CLANG_WARN_UNREACHABLE_CODE = YES;
				CLANG_WARN__DUPLICATE_METHOD_MATCH = YES;
				COPY_PHASE_STRIP = NO;
				DEBUG_INFORMATION_FORMAT = "dwarf-with-dsym";
				ENABLE_NS_ASSERTIONS = NO;
				ENABLE_STRICT_OBJC_MSGSEND = YES;
				GCC_C_LANGUAGE_STANDARD = gnu11;
				GCC_NO_COMMON_BLOCKS = YES;
				GCC_WARN_64_TO_32_BIT_CONVERSION = YES;
				GCC_WARN_ABOUT_RETURN_TYPE = YES_ERROR;
				GCC_WARN_UNDECLARED_SELECTOR = YES;
				GCC_WARN_UNINITIALIZED_AUTOS = YES_AGGRESSIVE;
				GCC_WARN_UNUSED_FUNCTION = YES;
				GCC_WARN_UNUSED_VARIABLE = YES;
				IPHONEOS_DEPLOYMENT_TARGET = 15.0;
				MTL_ENABLE_DEBUG_INFO = NO;
				MTL_FAST_MATH = YES;
				SDKROOT = iphoneos;
				SWIFT_COMPILATION_MODE = wholemodule;
				SWIFT_OPTIMIZATION_LEVEL = "-O";
				VALIDATE_PRODUCT = YES;
			};
			name = Release;
		};
		89C848142716384600631775 /* Debug */ = {
			isa = XCBuildConfiguration;
			buildSettings = {
				ASSETCATALOG_COMPILER_APPICON_NAME = AppIcon;
				ASSETCATALOG_COMPILER_GLOBAL_ACCENT_COLOR_NAME = AccentColor;
				CODE_SIGN_STYLE = Automatic;
				CURRENT_PROJECT_VERSION = 1;
				DEVELOPMENT_TEAM = 85P7WJL6X8;
				GENERATE_INFOPLIST_FILE = YES;
				INFOPLIST_FILE = Mobile2You/Info.plist;
				INFOPLIST_KEY_UIApplicationSupportsIndirectInputEvents = YES;
				INFOPLIST_KEY_UILaunchStoryboardName = LaunchScreen;
				INFOPLIST_KEY_UIMainStoryboardFile = Main;
				INFOPLIST_KEY_UISupportedInterfaceOrientations_iPad = "UIInterfaceOrientationPortrait UIInterfaceOrientationPortraitUpsideDown UIInterfaceOrientationLandscapeLeft UIInterfaceOrientationLandscapeRight";
				INFOPLIST_KEY_UISupportedInterfaceOrientations_iPhone = "UIInterfaceOrientationPortrait UIInterfaceOrientationLandscapeLeft UIInterfaceOrientationLandscapeRight";
				LD_RUNPATH_SEARCH_PATHS = (
					"$(inherited)",
					"@executable_path/Frameworks",
				);
				MARKETING_VERSION = 1.0;
				PRODUCT_BUNDLE_IDENTIFIER = net.rychillie.Mobile2You;
				PRODUCT_NAME = "$(TARGET_NAME)";
				SWIFT_EMIT_LOC_STRINGS = YES;
				SWIFT_VERSION = 5.0;
				TARGETED_DEVICE_FAMILY = "1,2";
			};
			name = Debug;
		};
		89C848152716384600631775 /* Release */ = {
			isa = XCBuildConfiguration;
			buildSettings = {
				ASSETCATALOG_COMPILER_APPICON_NAME = AppIcon;
				ASSETCATALOG_COMPILER_GLOBAL_ACCENT_COLOR_NAME = AccentColor;
				CODE_SIGN_STYLE = Automatic;
				CURRENT_PROJECT_VERSION = 1;
				DEVELOPMENT_TEAM = 85P7WJL6X8;
				GENERATE_INFOPLIST_FILE = YES;
				INFOPLIST_FILE = Mobile2You/Info.plist;
				INFOPLIST_KEY_UIApplicationSupportsIndirectInputEvents = YES;
				INFOPLIST_KEY_UILaunchStoryboardName = LaunchScreen;
				INFOPLIST_KEY_UIMainStoryboardFile = Main;
				INFOPLIST_KEY_UISupportedInterfaceOrientations_iPad = "UIInterfaceOrientationPortrait UIInterfaceOrientationPortraitUpsideDown UIInterfaceOrientationLandscapeLeft UIInterfaceOrientationLandscapeRight";
				INFOPLIST_KEY_UISupportedInterfaceOrientations_iPhone = "UIInterfaceOrientationPortrait UIInterfaceOrientationLandscapeLeft UIInterfaceOrientationLandscapeRight";
				LD_RUNPATH_SEARCH_PATHS = (
					"$(inherited)",
					"@executable_path/Frameworks",
				);
				MARKETING_VERSION = 1.0;
				PRODUCT_BUNDLE_IDENTIFIER = net.rychillie.Mobile2You;
				PRODUCT_NAME = "$(TARGET_NAME)";
				SWIFT_EMIT_LOC_STRINGS = YES;
				SWIFT_VERSION = 5.0;
				TARGETED_DEVICE_FAMILY = "1,2";
			};
			name = Release;
		};
		89C848172716384600631775 /* Debug */ = {
			isa = XCBuildConfiguration;
			buildSettings = {
				ALWAYS_EMBED_SWIFT_STANDARD_LIBRARIES = YES;
				BUNDLE_LOADER = "$(TEST_HOST)";
				CODE_SIGN_STYLE = Automatic;
				CURRENT_PROJECT_VERSION = 1;
				DEVELOPMENT_TEAM = 85P7WJL6X8;
				GENERATE_INFOPLIST_FILE = YES;
				IPHONEOS_DEPLOYMENT_TARGET = 15.0;
				LD_RUNPATH_SEARCH_PATHS = (
					"$(inherited)",
					"@executable_path/Frameworks",
					"@loader_path/Frameworks",
				);
				MARKETING_VERSION = 1.0;
				PRODUCT_BUNDLE_IDENTIFIER = net.rychillie.Mobile2YouTests;
				PRODUCT_NAME = "$(TARGET_NAME)";
				SWIFT_EMIT_LOC_STRINGS = NO;
				SWIFT_VERSION = 5.0;
				TARGETED_DEVICE_FAMILY = "1,2";
				TEST_HOST = "$(BUILT_PRODUCTS_DIR)/Mobile2You.app/Mobile2You";
			};
			name = Debug;
		};
		89C848182716384600631775 /* Release */ = {
			isa = XCBuildConfiguration;
			buildSettings = {
				ALWAYS_EMBED_SWIFT_STANDARD_LIBRARIES = YES;
				BUNDLE_LOADER = "$(TEST_HOST)";
				CODE_SIGN_STYLE = Automatic;
				CURRENT_PROJECT_VERSION = 1;
				DEVELOPMENT_TEAM = 85P7WJL6X8;
				GENERATE_INFOPLIST_FILE = YES;
				IPHONEOS_DEPLOYMENT_TARGET = 15.0;
				LD_RUNPATH_SEARCH_PATHS = (
					"$(inherited)",
					"@executable_path/Frameworks",
					"@loader_path/Frameworks",
				);
				MARKETING_VERSION = 1.0;
				PRODUCT_BUNDLE_IDENTIFIER = net.rychillie.Mobile2YouTests;
				PRODUCT_NAME = "$(TARGET_NAME)";
				SWIFT_EMIT_LOC_STRINGS = NO;
				SWIFT_VERSION = 5.0;
				TARGETED_DEVICE_FAMILY = "1,2";
				TEST_HOST = "$(BUILT_PRODUCTS_DIR)/Mobile2You.app/Mobile2You";
			};
			name = Release;
		};
		89C8481A2716384600631775 /* Debug */ = {
			isa = XCBuildConfiguration;
			buildSettings = {
				ALWAYS_EMBED_SWIFT_STANDARD_LIBRARIES = YES;
				CODE_SIGN_STYLE = Automatic;
				CURRENT_PROJECT_VERSION = 1;
				DEVELOPMENT_TEAM = 85P7WJL6X8;
				GENERATE_INFOPLIST_FILE = YES;
				LD_RUNPATH_SEARCH_PATHS = (
					"$(inherited)",
					"@executable_path/Frameworks",
					"@loader_path/Frameworks",
				);
				MARKETING_VERSION = 1.0;
				PRODUCT_BUNDLE_IDENTIFIER = net.rychillie.Mobile2YouUITests;
				PRODUCT_NAME = "$(TARGET_NAME)";
				SWIFT_EMIT_LOC_STRINGS = NO;
				SWIFT_VERSION = 5.0;
				TARGETED_DEVICE_FAMILY = "1,2";
				TEST_TARGET_NAME = Mobile2You;
			};
			name = Debug;
		};
		89C8481B2716384600631775 /* Release */ = {
			isa = XCBuildConfiguration;
			buildSettings = {
				ALWAYS_EMBED_SWIFT_STANDARD_LIBRARIES = YES;
				CODE_SIGN_STYLE = Automatic;
				CURRENT_PROJECT_VERSION = 1;
				DEVELOPMENT_TEAM = 85P7WJL6X8;
				GENERATE_INFOPLIST_FILE = YES;
				LD_RUNPATH_SEARCH_PATHS = (
					"$(inherited)",
					"@executable_path/Frameworks",
					"@loader_path/Frameworks",
				);
				MARKETING_VERSION = 1.0;
				PRODUCT_BUNDLE_IDENTIFIER = net.rychillie.Mobile2YouUITests;
				PRODUCT_NAME = "$(TARGET_NAME)";
				SWIFT_EMIT_LOC_STRINGS = NO;
				SWIFT_VERSION = 5.0;
				TARGETED_DEVICE_FAMILY = "1,2";
				TEST_TARGET_NAME = Mobile2You;
			};
			name = Release;
		};
/* End XCBuildConfiguration section */

/* Begin XCConfigurationList section */
		89C847E12716384200631775 /* Build configuration list for PBXProject "Mobile2You" */ = {
			isa = XCConfigurationList;
			buildConfigurations = (
				89C848112716384600631775 /* Debug */,
				89C848122716384600631775 /* Release */,
			);
			defaultConfigurationIsVisible = 0;
			defaultConfigurationName = Release;
		};
		89C848132716384600631775 /* Build configuration list for PBXNativeTarget "Mobile2You" */ = {
			isa = XCConfigurationList;
			buildConfigurations = (
				89C848142716384600631775 /* Debug */,
				89C848152716384600631775 /* Release */,
			);
			defaultConfigurationIsVisible = 0;
			defaultConfigurationName = Release;
		};
		89C848162716384600631775 /* Build configuration list for PBXNativeTarget "Mobile2YouTests" */ = {
			isa = XCConfigurationList;
			buildConfigurations = (
				89C848172716384600631775 /* Debug */,
				89C848182716384600631775 /* Release */,
			);
			defaultConfigurationIsVisible = 0;
			defaultConfigurationName = Release;
		};
		89C848192716384600631775 /* Build configuration list for PBXNativeTarget "Mobile2YouUITests" */ = {
			isa = XCConfigurationList;
			buildConfigurations = (
				89C8481A2716384600631775 /* Debug */,
				89C8481B2716384600631775 /* Release */,
			);
			defaultConfigurationIsVisible = 0;
			defaultConfigurationName = Release;
		};
/* End XCConfigurationList section */

/* Begin XCVersionGroup section */
		89C847F22716384200631775 /* Mobile2You.xcdatamodeld */ = {
			isa = XCVersionGroup;
			children = (
				89C847F32716384200631775 /* Mobile2You.xcdatamodel */,
			);
			currentVersion = 89C847F32716384200631775 /* Mobile2You.xcdatamodel */;
			path = Mobile2You.xcdatamodeld;
			sourceTree = "<group>";
			versionGroupType = wrapper.xcdatamodel;
		};
/* End XCVersionGroup section */
	};
	rootObject = 89C847DE2716384200631775 /* Project object */;
}
